github.com/a-h/templ v0.2.543 h1:8YyLvyUtf0/IE2nIwZ62Z/m2o2NqwhnMynzOL78Lzbk=
github.com/a-h/templ v0.2.543/go.mod h1:jP908DQCwI08IrnTalhzSEH9WJqG/Q94+EODQcJGFUA=
github.com/go-chi/chi/v5 v5.0.11 h1:BnpYbFZ3T3S1WMpD79r7R5ThWX40TaFB7L31Y8xqSwA=
github.com/go-chi/chi/v5 v5.0.11/go.mod h1:DslCQbL2OYiznFReuXYUmQ2hGd1aDpCnlMNITLSKoi8=
